// !$*UTF8*$!
{
	archiveVersion = 1;
	classes = {
	};
	objectVersion = 50;
	objects = {

/* Begin PBXBuildFile section */
		E01CE90D21E8013E00C9963A /* AppDelegate.swift in Sources */ = {isa = PBXBuildFile; fileRef = E01CE90C21E8013E00C9963A /* AppDelegate.swift */; };
		E01CE90F21E8013E00C9963A /* ViewController.swift in Sources */ = {isa = PBXBuildFile; fileRef = E01CE90E21E8013E00C9963A /* ViewController.swift */; };
		E01CE91221E8013E00C9963A /* Main.storyboard in Resources */ = {isa = PBXBuildFile; fileRef = E01CE91021E8013E00C9963A /* Main.storyboard */; };
		E01CE91421E8014000C9963A /* Assets.xcassets in Resources */ = {isa = PBXBuildFile; fileRef = E01CE91321E8014000C9963A /* Assets.xcassets */; };
		E01CE91721E8014000C9963A /* LaunchScreen.storyboard in Resources */ = {isa = PBXBuildFile; fileRef = E01CE91521E8014000C9963A /* LaunchScreen.storyboard */; };
		E01CE92221E8014000C9963A /* TippyTests.swift in Sources */ = {isa = PBXBuildFile; fileRef = E01CE92121E8014000C9963A /* TippyTests.swift */; };
		E01CE92D21E8014000C9963A /* TippyUITests.swift in Sources */ = {isa = PBXBuildFile; fileRef = E01CE92C21E8014000C9963A /* TippyUITests.swift */; };
/* End PBXBuildFile section */

/* Begin PBXContainerItemProxy section */
		E01CE91E21E8014000C9963A /* PBXContainerItemProxy */ = {
			isa = PBXContainerItemProxy;
			containerPortal = E01CE90121E8013E00C9963A /* Project object */;
			proxyType = 1;
			remoteGlobalIDString = E01CE90821E8013E00C9963A;
			remoteInfo = Tippy;
		};
		E01CE92921E8014000C9963A /* PBXContainerItemProxy */ = {
			isa = PBXContainerItemProxy;
			containerPortal = E01CE90121E8013E00C9963A /* Project object */;
			proxyType = 1;
			remoteGlobalIDString = E01CE90821E8013E00C9963A;
			remoteInfo = Tippy;
		};
/* End PBXContainerItemProxy section */

/* Begin PBXFileReference section */
		E01CE90921E8013E00C9963A /* Tippy.app */ = {isa = PBXFileReference; explicitFileType = wrapper.application; includeInIndex = 0; path = Tippy.app; sourceTree = BUILT_PRODUCTS_DIR; };
		E01CE90C21E8013E00C9963A /* AppDelegate.swift */ = {isa = PBXFileReference; lastKnownFileType = sourcecode.swift; path = AppDelegate.swift; sourceTree = "<group>"; };
		E01CE90E21E8013E00C9963A /* ViewController.swift */ = {isa = PBXFileReference; lastKnownFileType = sourcecode.swift; path = ViewController.swift; sourceTree = "<group>"; };
		E01CE91121E8013E00C9963A /* Base */ = {isa = PBXFileReference; lastKnownFileType = file.storyboard; name = Base; path = Base.lproj/Main.storyboard; sourceTree = "<group>"; };
		E01CE91321E8014000C9963A /* Assets.xcassets */ = {isa = PBXFileReference; lastKnownFileType = folder.assetcatalog; path = Assets.xcassets; sourceTree = "<group>"; };
		E01CE91621E8014000C9963A /* Base */ = {isa = PBXFileReference; lastKnownFileType = file.storyboard; name = Base; path = Base.lproj/LaunchScreen.storyboard; sourceTree = "<group>"; };
		E01CE91821E8014000C9963A /* Info.plist */ = {isa = PBXFileReference; lastKnownFileType = text.plist.xml; path = Info.plist; sourceTree = "<group>"; };
		E01CE91D21E8014000C9963A /* TippyTests.xctest */ = {isa = PBXFileReference; explicitFileType = wrapper.cfbundle; includeInIndex = 0; path = TippyTests.xctest; sourceTree = BUILT_PRODUCTS_DIR; };
		E01CE92121E8014000C9963A /* TippyTests.swift */ = {isa = PBXFileReference; lastKnownFileType = sourcecode.swift; path = TippyTests.swift; sourceTree = "<group>"; };
		E01CE92321E8014000C9963A /* Info.plist */ = {isa = PBXFileReference; lastKnownFileType = text.plist.xml; path = Info.plist; sourceTree = "<group>"; };
		E01CE92821E8014000C9963A /* TippyUITests.xctest */ = {isa = PBXFileReference; explicitFileType = wrapper.cfbundle; includeInIndex = 0; path = TippyUITests.xctest; sourceTree = BUILT_PRODUCTS_DIR; };
		E01CE92C21E8014000C9963A /* TippyUITests.swift */ = {isa = PBXFileReference; lastKnownFileType = sourcecode.swift; path = TippyUITests.swift; sourceTree = "<group>"; };
		E01CE92E21E8014000C9963A /* Info.plist */ = {isa = PBXFileReference; lastKnownFileType = text.plist.xml; path = Info.plist; sourceTree = "<group>"; };
/* End PBXFileReference section */

/* Begin PBXFrameworksBuildPhase section */
		E01CE90621E8013E00C9963A /* Frameworks */ = {
			isa = PBXFrameworksBuildPhase;
			buildActionMask = 2147483647;
			files = (
			);
			runOnlyForDeploymentPostprocessing = 0;
		};
		E01CE91A21E8014000C9963A /* Frameworks */ = {
			isa = PBXFrameworksBuildPhase;
			buildActionMask = 2147483647;
			files = (
			);
			runOnlyForDeploymentPostprocessing = 0;
		};
		E01CE92521E8014000C9963A /* Frameworks */ = {
			isa = PBXFrameworksBuildPhase;
			buildActionMask = 2147483647;
			files = (
			);
			runOnlyForDeploymentPostprocessing = 0;
		};
/* End PBXFrameworksBuildPhase section */

/* Begin PBXGroup section */
		E01CE90021E8013E00C9963A = {
			isa = PBXGroup;
			children = (
				E01CE90B21E8013E00C9963A /* Tippy */,
				E01CE92021E8014000C9963A /* TippyTests */,
				E01CE92B21E8014000C9963A /* TippyUITests */,
				E01CE90A21E8013E00C9963A /* Products */,
			);
			sourceTree = "<group>";
		};
		E01CE90A21E8013E00C9963A /* Products */ = {
			isa = PBXGroup;
			children = (
				E01CE90921E8013E00C9963A /* Tippy.app */,
				E01CE91D21E8014000C9963A /* TippyTests.xctest */,
				E01CE92821E8014000C9963A /* TippyUITests.xctest */,
			);
			name = Products;
			sourceTree = "<group>";
		};
		E01CE90B21E8013E00C9963A /* Tippy */ = {
			isa = PBXGroup;
			children = (
				E01CE90C21E8013E00C9963A /* AppDelegate.swift */,
				E01CE90E21E8013E00C9963A /* ViewController.swift */,
				E01CE91021E8013E00C9963A /* Main.storyboard */,
				E01CE91321E8014000C9963A /* Assets.xcassets */,
				E01CE91521E8014000C9963A /* LaunchScreen.storyboard */,
				E01CE91821E8014000C9963A /* Info.plist */,
			);
			path = Tippy;
			sourceTree = "<group>";
		};
		E01CE92021E8014000C9963A /* TippyTests */ = {
			isa = PBXGroup;
			children = (
				E01CE92121E8014000C9963A /* TippyTests.swift */,
				E01CE92321E8014000C9963A /* Info.plist */,
			);
			path = TippyTests;
			sourceTree = "<group>";
		};
		E01CE92B21E8014000C9963A /* TippyUITests */ = {
			isa = PBXGroup;
			children = (
				E01CE92C21E8014000C9963A /* TippyUITests.swift */,
				E01CE92E21E8014000C9963A /* Info.plist */,
			);
			path = TippyUITests;
			sourceTree = "<group>";
		};
/* End PBXGroup section */

/* Begin PBXNativeTarget section */
		E01CE90821E8013E00C9963A /* Tippy */ = {
			isa = PBXNativeTarget;
			buildConfigurationList = E01CE93121E8014000C9963A /* Build configuration list for PBXNativeTarget "Tippy" */;
			buildPhases = (
				E01CE90521E8013E00C9963A /* Sources */,
				E01CE90621E8013E00C9963A /* Frameworks */,
				E01CE90721E8013E00C9963A /* Resources */,
			);
			buildRules = (
			);
			dependencies = (
			);
			name = Tippy;
			productName = Tippy;
			productReference = E01CE90921E8013E00C9963A /* Tippy.app */;
			productType = "com.apple.product-type.application";
		};
		E01CE91C21E8014000C9963A /* TippyTests */ = {
			isa = PBXNativeTarget;
			buildConfigurationList = E01CE93421E8014000C9963A /* Build configuration list for PBXNativeTarget "TippyTests" */;
			buildPhases = (
				E01CE91921E8014000C9963A /* Sources */,
				E01CE91A21E8014000C9963A /* Frameworks */,
				E01CE91B21E8014000C9963A /* Resources */,
			);
			buildRules = (
			);
			dependencies = (
				E01CE91F21E8014000C9963A /* PBXTargetDependency */,
			);
			name = TippyTests;
			productName = TippyTests;
			productReference = E01CE91D21E8014000C9963A /* TippyTests.xctest */;
			productType = "com.apple.product-type.bundle.unit-test";
		};
		E01CE92721E8014000C9963A /* TippyUITests */ = {
			isa = PBXNativeTarget;
			buildConfigurationList = E01CE93721E8014000C9963A /* Build configuration list for PBXNativeTarget "TippyUITests" */;
			buildPhases = (
				E01CE92421E8014000C9963A /* Sources */,
				E01CE92521E8014000C9963A /* Frameworks */,
				E01CE92621E8014000C9963A /* Resources */,
			);
			buildRules = (
			);
			dependencies = (
				E01CE92A21E8014000C9963A /* PBXTargetDependency */,
			);
			name = TippyUITests;
			productName = TippyUITests;
			productReference = E01CE92821E8014000C9963A /* TippyUITests.xctest */;
			productType = "com.apple.product-type.bundle.ui-testing";
		};
/* End PBXNativeTarget section */

/* Begin PBXProject section */
		E01CE90121E8013E00C9963A /* Project object */ = {
			isa = PBXProject;
			attributes = {
				LastSwiftUpdateCheck = 1010;
				LastUpgradeCheck = 1010;
				ORGANIZATIONNAME = "Chanyue Hu";
				TargetAttributes = {
					E01CE90821E8013E00C9963A = {
						CreatedOnToolsVersion = 10.1;
					};
					E01CE91C21E8014000C9963A = {
						CreatedOnToolsVersion = 10.1;
						TestTargetID = E01CE90821E8013E00C9963A;
					};
					E01CE92721E8014000C9963A = {
						CreatedOnToolsVersion = 10.1;
						TestTargetID = E01CE90821E8013E00C9963A;
					};
				};
			};
			buildConfigurationList = E01CE90421E8013E00C9963A /* Build configuration list for PBXProject "Tippy" */;
			compatibilityVersion = "Xcode 9.3";
			developmentRegion = en;
			hasScannedForEncodings = 0;
			knownRegions = (
				en,
				Base,
			);
			mainGroup = E01CE90021E8013E00C9963A;
			productRefGroup = E01CE90A21E8013E00C9963A /* Products */;
			projectDirPath = "";
			projectRoot = "";
			targets = (
				E01CE90821E8013E00C9963A /* Tippy */,
				E01CE91C21E8014000C9963A /* TippyTests */,
				E01CE92721E8014000C9963A /* TippyUITests */,
			);
		};
/* End PBXProject section */

/* Begin PBXResourcesBuildPhase section */
		E01CE90721E8013E00C9963A /* Resources */ = {
			isa = PBXResourcesBuildPhase;
			buildActionMask = 2147483647;
			files = (
				E01CE91721E8014000C9963A /* LaunchScreen.storyboard in Resources */,
				E01CE91421E8014000C9963A /* Assets.xcassets in Resources */,
				E01CE91221E8013E00C9963A /* Main.storyboard in Resources */,
			);
			runOnlyForDeploymentPostprocessing = 0;
		};
		E01CE91B21E8014000C9963A /* Resources */ = {
			isa = PBXResourcesBuildPhase;
			buildActionMask = 2147483647;
			files = (
			);
			runOnlyForDeploymentPostprocessing = 0;
		};
		E01CE92621E8014000C9963A /* Resources */ = {
			isa = PBXResourcesBuildPhase;
			buildActionMask = 2147483647;
			files = (
			);
			runOnlyForDeploymentPostprocessing = 0;
		};
/* End PBXResourcesBuildPhase section */

/* Begin PBXSourcesBuildPhase section */
		E01CE90521E8013E00C9963A /* Sources */ = {
			isa = PBXSourcesBuildPhase;
			buildActionMask = 2147483647;
			files = (
				E01CE90F21E8013E00C9963A /* ViewController.swift in Sources */,
				E01CE90D21E8013E00C9963A /* AppDelegate.swift in Sources */,
			);
			runOnlyForDeploymentPostprocessing = 0;
		};
		E01CE91921E8014000C9963A /* Sources */ = {
			isa = PBXSourcesBuildPhase;
			buildActionMask = 2147483647;
			files = (
				E01CE92221E8014000C9963A /* TippyTests.swift in Sources */,
			);
			runOnlyForDeploymentPostprocessing = 0;
		};
		E01CE92421E8014000C9963A /* Sources */ = {
			isa = PBXSourcesBuildPhase;
			buildActionMask = 2147483647;
			files = (
				E01CE92D21E8014000C9963A /* TippyUITests.swift in Sources */,
			);
			runOnlyForDeploymentPostprocessing = 0;
		};
/* End PBXSourcesBuildPhase section */

/* Begin PBXTargetDependency section */
		E01CE91F21E8014000C9963A /* PBXTargetDependency */ = {
			isa = PBXTargetDependency;
			target = E01CE90821E8013E00C9963A /* Tippy */;
			targetProxy = E01CE91E21E8014000C9963A /* PBXContainerItemProxy */;
		};
		E01CE92A21E8014000C9963A /* PBXTargetDependency */ = {
			isa = PBXTargetDependency;
			target = E01CE90821E8013E00C9963A /* Tippy */;
			targetProxy = E01CE92921E8014000C9963A /* PBXContainerItemProxy */;
		};
/* End PBXTargetDependency section */

/* Begin PBXVariantGroup section */
		E01CE91021E8013E00C9963A /* Main.storyboard */ = {
			isa = PBXVariantGroup;
			children = (
				E01CE91121E8013E00C9963A /* Base */,
			);
			name = Main.storyboard;
			sourceTree = "<group>";
		};
		E01CE91521E8014000C9963A /* LaunchScreen.storyboard */ = {
			isa = PBXVariantGroup;
			children = (
				E01CE91621E8014000C9963A /* Base */,
			);
			name = LaunchScreen.storyboard;
			sourceTree = "<group>";
		};
/* End PBXVariantGroup section */

/* Begin XCBuildConfiguration section */
		E01CE92F21E8014000C9963A /* Debug */ = {
			isa = XCBuildConfiguration;
			buildSettings = {
				ALWAYS_SEARCH_USER_PATHS = NO;
				CLANG_ANALYZER_NONNULL = YES;
				CLANG_ANALYZER_NUMBER_OBJECT_CONVERSION = YES_AGGRESSIVE;
				CLANG_CXX_LANGUAGE_STANDARD = "gnu++14";
				CLANG_CXX_LIBRARY = "libc++";
				CLANG_ENABLE_MODULES = YES;
				CLANG_ENABLE_OBJC_ARC = YES;
				CLANG_ENABLE_OBJC_WEAK = YES;
				CLANG_WARN_BLOCK_CAPTURE_AUTORELEASING = YES;
				CLANG_WARN_BOOL_CONVERSION = YES;
				CLANG_WARN_COMMA = YES;
				CLANG_WARN_CONSTANT_CONVERSION = YES;
				CLANG_WARN_DEPRECATED_OBJC_IMPLEMENTATIONS = YES;
				CLANG_WARN_DIRECT_OBJC_ISA_USAGE = YES_ERROR;
				CLANG_WARN_DOCUMENTATION_COMMENTS = YES;
				CLANG_WARN_EMPTY_BODY = YES;
				CLANG_WARN_ENUM_CONVERSION = YES;
				CLANG_WARN_INFINITE_RECURSION = YES;
				CLANG_WARN_INT_CONVERSION = YES;
				CLANG_WARN_NON_LITERAL_NULL_CONVERSION = YES;
				CLANG_WARN_OBJC_IMPLICIT_RETAIN_SELF = YES;
				CLANG_WARN_OBJC_LITERAL_CONVERSION = YES;
				CLANG_WARN_OBJC_ROOT_CLASS = YES_ERROR;
				CLANG_WARN_RANGE_LOOP_ANALYSIS = YES;
				CLANG_WARN_STRICT_PROTOTYPES = YES;
				CLANG_WARN_SUSPICIOUS_MOVE = YES;
				CLANG_WARN_UNGUARDED_AVAILABILITY = YES_AGGRESSIVE;
				CLANG_WARN_UNREACHABLE_CODE = YES;
				CLANG_WARN__DUPLICATE_METHOD_MATCH = YES;
				CODE_SIGN_IDENTITY = "iPhone Developer";
				COPY_PHASE_STRIP = NO;
				DEBUG_INFORMATION_FORMAT = dwarf;
				ENABLE_STRICT_OBJC_MSGSEND = YES;
				ENABLE_TESTABILITY = YES;
				GCC_C_LANGUAGE_STANDARD = gnu11;
				GCC_DYNAMIC_NO_PIC = NO;
				GCC_NO_COMMON_BLOCKS = YES;
				GCC_OPTIMIZATION_LEVEL = 0;
				GCC_PREPROCESSOR_DEFINITIONS = (
					"DEBUG=1",
					"$(inherited)",
				);
				GCC_WARN_64_TO_32_BIT_CONVERSION = YES;
				GCC_WARN_ABOUT_RETURN_TYPE = YES_ERROR;
				GCC_WARN_UNDECLARED_SELECTOR = YES;
				GCC_WARN_UNINITIALIZED_AUTOS = YES_AGGRESSIVE;
				GCC_WARN_UNUSED_FUNCTION = YES;
				GCC_WARN_UNUSED_VARIABLE = YES;
				IPHONEOS_DEPLOYMENT_TARGET = 12.1;
				MTL_ENABLE_DEBUG_INFO = INCLUDE_SOURCE;
				MTL_FAST_MATH = YES;
				ONLY_ACTIVE_ARCH = YES;
				SDKROOT = iphoneos;
				SWIFT_ACTIVE_COMPILATION_CONDITIONS = DEBUG;
				SWIFT_OPTIMIZATION_LEVEL = "-Onone";
			};
			name = Debug;
		};
		E01CE93021E8014000C9963A /* Release */ = {
			isa = XCBuildConfiguration;
			buildSettings = {
				ALWAYS_SEARCH_USER_PATHS = NO;
				CLANG_ANALYZER_NONNULL = YES;
				CLANG_ANALYZER_NUMBER_OBJECT_CONVERSION = YES_AGGRESSIVE;
				CLANG_CXX_LANGUAGE_STANDARD = "gnu++14";
				CLANG_CXX_LIBRARY = "libc++";
				CLANG_ENABLE_MODULES = YES;
				CLANG_ENABLE_OBJC_ARC = YES;
				CLANG_ENABLE_OBJC_WEAK = YES;
				CLANG_WARN_BLOCK_CAPTURE_AUTORELEASING = YES;
				CLANG_WARN_BOOL_CONVERSION = YES;
				CLANG_WARN_COMMA = YES;
				CLANG_WARN_CONSTANT_CONVERSION = YES;
				CLANG_WARN_DEPRECATED_OBJC_IMPLEMENTATIONS = YES;
				CLANG_WARN_DIRECT_OBJC_ISA_USAGE = YES_ERROR;
				CLANG_WARN_DOCUMENTATION_COMMENTS = YES;
				CLANG_WARN_EMPTY_BODY = YES;
				CLANG_WARN_ENUM_CONVERSION = YES;
				CLANG_WARN_INFINITE_RECURSION = YES;
				CLANG_WARN_INT_CONVERSION = YES;
				CLANG_WARN_NON_LITERAL_NULL_CONVERSION = YES;
				CLANG_WARN_OBJC_IMPLICIT_RETAIN_SELF = YES;
				CLANG_WARN_OBJC_LITERAL_CONVERSION = YES;
				CLANG_WARN_OBJC_ROOT_CLASS = YES_ERROR;
				CLANG_WARN_RANGE_LOOP_ANALYSIS = YES;
				CLANG_WARN_STRICT_PROTOTYPES = YES;
				CLANG_WARN_SUSPICIOUS_MOVE = YES;
				CLANG_WARN_UNGUARDED_AVAILABILITY = YES_AGGRESSIVE;
				CLANG_WARN_UNREACHABLE_CODE = YES;
				CLANG_WARN__DUPLICATE_METHOD_MATCH = YES;
				CODE_SIGN_IDENTITY = "iPhone Developer";
				COPY_PHASE_STRIP = NO;
				DEBUG_INFORMATION_FORMAT = "dwarf-with-dsym";
				ENABLE_NS_ASSERTIONS = NO;
				ENABLE_STRICT_OBJC_MSGSEND = YES;
				GCC_C_LANGUAGE_STANDARD = gnu11;
				GCC_NO_COMMON_BLOCKS = YES;
				GCC_WARN_64_TO_32_BIT_CONVERSION = YES;
				GCC_WARN_ABOUT_RETURN_TYPE = YES_ERROR;
				GCC_WARN_UNDECLARED_SELECTOR = YES;
				GCC_WARN_UNINITIALIZED_AUTOS = YES_AGGRESSIVE;
				GCC_WARN_UNUSED_FUNCTION = YES;
				GCC_WARN_UNUSED_VARIABLE = YES;
				IPHONEOS_DEPLOYMENT_TARGET = 12.1;
				MTL_ENABLE_DEBUG_INFO = NO;
				MTL_FAST_MATH = YES;
				SDKROOT = iphoneos;
				SWIFT_COMPILATION_MODE = wholemodule;
				SWIFT_OPTIMIZATION_LEVEL = "-O";
				VALIDATE_PRODUCT = YES;
			};
			name = Release;
		};
		E01CE93221E8014000C9963A /* Debug */ = {
			isa = XCBuildConfiguration;
			buildSettings = {
				ASSETCATALOG_COMPILER_APPICON_NAME = AppIcon;
				CODE_SIGN_STYLE = Automatic;
				INFOPLIST_FILE = Tippy/Info.plist;
				LD_RUNPATH_SEARCH_PATHS = (
					"$(inherited)",
					"@executable_path/Frameworks",
				);
				PRODUCT_BUNDLE_IDENTIFIER = uci.edu.Tippy;
				PRODUCT_NAME = "$(TARGET_NAME)";
				SWIFT_VERSION = 4.2;
				TARGETED_DEVICE_FAMILY = "1,2";
			};
			name = Debug;
		};
		E01CE93321E8014000C9963A /* Release */ = {
			isa = XCBuildConfiguration;
			buildSettings = {
				ASSETCATALOG_COMPILER_APPICON_NAME = AppIcon;
				CODE_SIGN_STYLE = Automatic;
				INFOPLIST_FILE = Tippy/Info.plist;
				LD_RUNPATH_SEARCH_PATHS = (
					"$(inherited)",
					"@executable_path/Frameworks",
				);
				PRODUCT_BUNDLE_IDENTIFIER = uci.edu.Tippy;
				PRODUCT_NAME = "$(TARGET_NAME)";
				SWIFT_VERSION = 4.2;
				TARGETED_DEVICE_FAMILY = "1,2";
			};
			name = Release;
		};
		E01CE93521E8014000C9963A /* Debug */ = {
			isa = XCBuildConfiguration;
			buildSettings = {
				ALWAYS_EMBED_SWIFT_STANDARD_LIBRARIES = YES;
				BUNDLE_LOADER = "$(TEST_HOST)";
				CODE_SIGN_STYLE = Automatic;
				INFOPLIST_FILE = TippyTests/Info.plist;
				LD_RUNPATH_SEARCH_PATHS = (
					"$(inherited)",
					"@executable_path/Frameworks",
					"@loader_path/Frameworks",
				);
				PRODUCT_BUNDLE_IDENTIFIER = uci.edu.TippyTests;
				PRODUCT_NAME = "$(TARGET_NAME)";
				SWIFT_VERSION = 4.2;
				TARGETED_DEVICE_FAMILY = "1,2";
				TEST_HOST = "$(BUILT_PRODUCTS_DIR)/Tippy.app/Tippy";
			};
			name = Debug;
		};
		E01CE93621E8014000C9963A /* Release */ = {
			isa = XCBuildConfiguration;
			buildSettings = {
				ALWAYS_EMBED_SWIFT_STANDARD_LIBRARIES = YES;
				BUNDLE_LOADER = "$(TEST_HOST)";
				CODE_SIGN_STYLE = Automatic;
				INFOPLIST_FILE = TippyTests/Info.plist;
				LD_RUNPATH_SEARCH_PATHS = (
					"$(inherited)",
					"@executable_path/Frameworks",
					"@loader_path/Frameworks",
				);
				PRODUCT_BUNDLE_IDENTIFIER = uci.edu.TippyTests;
				PRODUCT_NAME = "$(TARGET_NAME)";
				SWIFT_VERSION = 4.2;
				TARGETED_DEVICE_FAMILY = "1,2";
				TEST_HOST = "$(BUILT_PRODUCTS_DIR)/Tippy.app/Tippy";
			};
			name = Release;
		};
		E01CE93821E8014000C9963A /* Debug */ = {
			isa = XCBuildConfiguration;
			buildSettings = {
				ALWAYS_EMBED_SWIFT_STANDARD_LIBRARIES = YES;
				CODE_SIGN_STYLE = Automatic;
				INFOPLIST_FILE = TippyUITests/Info.plist;
				LD_RUNPATH_SEARCH_PATHS = (
					"$(inherited)",
					"@executable_path/Frameworks",
					"@loader_path/Frameworks",
				);
				PRODUCT_BUNDLE_IDENTIFIER = uci.edu.TippyUITests;
				PRODUCT_NAME = "$(TARGET_NAME)";
				SWIFT_VERSION = 4.2;
				TARGETED_DEVICE_FAMILY = "1,2";
				TEST_TARGET_NAME = Tippy;
			};
			name = Debug;
		};
		E01CE93921E8014000C9963A /* Release */ = {
			isa = XCBuildConfiguration;
			buildSettings = {
				ALWAYS_EMBED_SWIFT_STANDARD_LIBRARIES = YES;
				CODE_SIGN_STYLE = Automatic;
				INFOPLIST_FILE = TippyUITests/Info.plist;
				LD_RUNPATH_SEARCH_PATHS = (
					"$(inherited)",
					"@executable_path/Frameworks",
					"@loader_path/Frameworks",
				);
				PRODUCT_BUNDLE_IDENTIFIER = uci.edu.TippyUITests;
				PRODUCT_NAME = "$(TARGET_NAME)";
				SWIFT_VERSION = 4.2;
				TARGETED_DEVICE_FAMILY = "1,2";
				TEST_TARGET_NAME = Tippy;
			};
			name = Release;
		};
/* End XCBuildConfiguration section */

/* Begin XCConfigurationList section */
		E01CE90421E8013E00C9963A /* Build configuration list for PBXProject "Tippy" */ = {
			isa = XCConfigurationList;
			buildConfigurations = (
				E01CE92F21E8014000C9963A /* Debug */,
				E01CE93021E8014000C9963A /* Release */,
			);
			defaultConfigurationIsVisible = 0;
			defaultConfigurationName = Release;
		};
		E01CE93121E8014000C9963A /* Build configuration list for PBXNativeTarget "Tippy" */ = {
			isa = XCConfigurationList;
			buildConfigurations = (
				E01CE93221E8014000C9963A /* Debug */,
				E01CE93321E8014000C9963A /* Release */,
			);
			defaultConfigurationIsVisible = 0;
			defaultConfigurationName = Release;
		};
		E01CE93421E8014000C9963A /* Build configuration list for PBXNativeTarget "TippyTests" */ = {
			isa = XCConfigurationList;
			buildConfigurations = (
				E01CE93521E8014000C9963A /* Debug */,
				E01CE93621E8014000C9963A /* Release */,
			);
			defaultConfigurationIsVisible = 0;
			defaultConfigurationName = Release;
		};
		E01CE93721E8014000C9963A /* Build configuration list for PBXNativeTarget "TippyUITests" */ = {
			isa = XCConfigurationList;
			buildConfigurations = (
				E01CE93821E8014000C9963A /* Debug */,
				E01CE93921E8014000C9963A /* Release */,
			);
			defaultConfigurationIsVisible = 0;
			defaultConfigurationName = Release;
		};
/* End XCConfigurationList section */
	};
	rootObject = E01CE90121E8013E00C9963A /* Project object */;
}
